
Microsoft Visual Studio Solution File, Format Version 12.00
# Visual Studio Version 16
VisualStudioVersion = 16.0.31112.23
MinimumVisualStudioVersion = 10.0.40219.1
Project("{FAE04EC0-301F-11D3-BF4B-00C04F79EFBC}") = "DSCC.CW1.MicroservicesAPI.7461", "DSCC.CW1.MicroservicesAPI.7461\DSCC.CW1.MicroservicesAPI.7461.csproj", "{9552E3E0-601F-4435-9BEC-57DB3ED11E47}"
EndProject
Global
	GlobalSection(SolutionConfigurationPlatforms) = preSolution
		Debug|Any CPU = Debug|Any CPU
		Release|Any CPU = Release|Any CPU
	EndGlobalSection
	GlobalSection(ProjectConfigurationPlatforms) = postSolution
		{9552E3E0-601F-4435-9BEC-57DB3ED11E47}.Debug|Any CPU.ActiveCfg = Debug|Any CPU
		{9552E3E0-601F-4435-9BEC-57DB3ED11E47}.Debug|Any CPU.Build.0 = Debug|Any CPU
		{9552E3E0-601F-4435-9BEC-57DB3ED11E47}.Release|Any CPU.ActiveCfg = Release|Any CPU
		{9552E3E0-601F-4435-9BEC-57DB3ED11E47}.Release|Any CPU.Build.0 = Release|Any CPU
	EndGlobalSection
	GlobalSection(SolutionProperties) = preSolution
		HideSolutionNode = FALSE
	EndGlobalSection
	GlobalSection(ExtensibilityGlobals) = postSolution
		SolutionGuid = {2B701441-9604-4C9A-A179-38D82DE7418C}
	EndGlobalSection
EndGlobal
