
Microsoft Visual Studio Solution File, Format Version 12.00
# Visual Studio Version 16
VisualStudioVersion = 16.0.31112.23
MinimumVisualStudioVersion = 10.0.40219.1
Project("{FAE04EC0-301F-11D3-BF4B-00C04F79EFBC}") = "DSCC.CW1.MicroservicesAPI.7461", "DSCC.CW1.MicroservicesAPI.7461\DSCC.CW1.MicroservicesAPI.7461.csproj", "{1ED439BC-1BA4-47A5-830B-605C0F9EECB0}"
EndProject
Global
	GlobalSection(SolutionConfigurationPlatforms) = preSolution
		Debug|Any CPU = Debug|Any CPU
		Release|Any CPU = Release|Any CPU
	EndGlobalSection
	GlobalSection(ProjectConfigurationPlatforms) = postSolution
		{1ED439BC-1BA4-47A5-830B-605C0F9EECB0}.Debug|Any CPU.ActiveCfg = Debug|Any CPU
		{1ED439BC-1BA4-47A5-830B-605C0F9EECB0}.Debug|Any CPU.Build.0 = Debug|Any CPU
		{1ED439BC-1BA4-47A5-830B-605C0F9EECB0}.Release|Any CPU.ActiveCfg = Release|Any CPU
		{1ED439BC-1BA4-47A5-830B-605C0F9EECB0}.Release|Any CPU.Build.0 = Release|Any CPU
	EndGlobalSection
	GlobalSection(SolutionProperties) = preSolution
		HideSolutionNode = FALSE
	EndGlobalSection
	GlobalSection(ExtensibilityGlobals) = postSolution
		SolutionGuid = {9A0F038B-91AC-471A-B886-0F13B0FA6FAA}
	EndGlobalSection
EndGlobal
